
Microsoft Visual Studio Solution File, Format Version 12.00
# Visual Studio Version 17
VisualStudioVersion = 17.1.32421.90
MinimumVisualStudioVersion = 10.0.40219.1
Project("{FAE04EC0-301F-11D3-BF4B-00C04F79EFBC}") = "BtiLab1", "BtiLab1\BtiLab1.csproj", "{97932758-7141-4D13-B846-EBA284FECCDD}"
EndProject
Global
	GlobalSection(SolutionConfigurationPlatforms) = preSolution
		Debug|Any CPU = Debug|Any CPU
		Release|Any CPU = Release|Any CPU
	EndGlobalSection
	GlobalSection(ProjectConfigurationPlatforms) = postSolution
		{97932758-7141-4D13-B846-EBA284FECCDD}.Debug|Any CPU.ActiveCfg = Debug|Any CPU
		{97932758-7141-4D13-B846-EBA284FECCDD}.Debug|Any CPU.Build.0 = Debug|Any CPU
		{97932758-7141-4D13-B846-EBA284FECCDD}.Release|Any CPU.ActiveCfg = Release|Any CPU
		{97932758-7141-4D13-B846-EBA284FECCDD}.Release|Any CPU.Build.0 = Release|Any CPU
	EndGlobalSection
	GlobalSection(SolutionProperties) = preSolution
		HideSolutionNode = FALSE
	EndGlobalSection
	GlobalSection(ExtensibilityGlobals) = postSolution
		SolutionGuid = {7E932366-3E4E-411D-BFF7-AE244E71769E}
	EndGlobalSection
EndGlobal
